
Microsoft Visual Studio Solution File, Format Version 12.00
# Visual Studio Version 16
VisualStudioVersion = 16.0.30717.126
MinimumVisualStudioVersion = 10.0.40219.1
Project("{FAE04EC0-301F-11D3-BF4B-00C04F79EFBC}") = "LanguageTrainer", "LanguageTrainer\LanguageTrainer.csproj", "{A83F5DE0-2378-46DA-88E0-C282E68B1BA0}"
EndProject
Project("{FAE04EC0-301F-11D3-BF4B-00C04F79EFBC}") = "LanguageTrainerDAL", "LanguageTrainerDAL\LanguageTrainerDAL.csproj", "{D15C318E-7DF8-45A8-BCBA-24344A9C142E}"
EndProject
Project("{54435603-DBB4-11D2-8724-00A0C9A8B90C}") = "Setup1", "Setup1\Setup1.vdproj", "{D5627E13-7242-45EA-9B63-F48121E17FA3}"
EndProject
Project("{FAE04EC0-301F-11D3-BF4B-00C04F79EFBC}") = "WindowsFormsETwithSqlite", "WindowsFormsETwithSqlite\WindowsFormsETwithSqlite.csproj", "{A25E4C11-A788-4EEF-A99B-26ACE168B238}"
EndProject
Project("{FAE04EC0-301F-11D3-BF4B-00C04F79EFBC}") = "ConsoleApp1", "ConsoleApp1\ConsoleApp1.csproj", "{3A3BBB63-72D5-4314-8E54-51CB8C7DB4F0}"
EndProject
Project("{FAE04EC0-301F-11D3-BF4B-00C04F79EFBC}") = "LanguageTrainingVM", "EnglishTrainingVM\LanguageTrainingVM.csproj", "{13F71B00-0FD5-497F-AC3C-CBBD727FF019}"
EndProject
Global
	GlobalSection(SolutionConfigurationPlatforms) = preSolution
		Debug|Any CPU = Debug|Any CPU
		Release|Any CPU = Release|Any CPU
	EndGlobalSection
	GlobalSection(ProjectConfigurationPlatforms) = postSolution
		{A83F5DE0-2378-46DA-88E0-C282E68B1BA0}.Debug|Any CPU.ActiveCfg = Debug|Any CPU
		{A83F5DE0-2378-46DA-88E0-C282E68B1BA0}.Debug|Any CPU.Build.0 = Debug|Any CPU
		{A83F5DE0-2378-46DA-88E0-C282E68B1BA0}.Release|Any CPU.ActiveCfg = Release|Any CPU
		{A83F5DE0-2378-46DA-88E0-C282E68B1BA0}.Release|Any CPU.Build.0 = Release|Any CPU
		{D15C318E-7DF8-45A8-BCBA-24344A9C142E}.Debug|Any CPU.ActiveCfg = Debug|Any CPU
		{D15C318E-7DF8-45A8-BCBA-24344A9C142E}.Debug|Any CPU.Build.0 = Debug|Any CPU
		{D15C318E-7DF8-45A8-BCBA-24344A9C142E}.Release|Any CPU.ActiveCfg = Release|Any CPU
		{D15C318E-7DF8-45A8-BCBA-24344A9C142E}.Release|Any CPU.Build.0 = Release|Any CPU
		{D5627E13-7242-45EA-9B63-F48121E17FA3}.Debug|Any CPU.ActiveCfg = Debug
		{D5627E13-7242-45EA-9B63-F48121E17FA3}.Release|Any CPU.ActiveCfg = Release
		{A25E4C11-A788-4EEF-A99B-26ACE168B238}.Debug|Any CPU.ActiveCfg = Debug|Any CPU
		{A25E4C11-A788-4EEF-A99B-26ACE168B238}.Debug|Any CPU.Build.0 = Debug|Any CPU
		{A25E4C11-A788-4EEF-A99B-26ACE168B238}.Release|Any CPU.ActiveCfg = Release|Any CPU
		{A25E4C11-A788-4EEF-A99B-26ACE168B238}.Release|Any CPU.Build.0 = Release|Any CPU
		{3A3BBB63-72D5-4314-8E54-51CB8C7DB4F0}.Debug|Any CPU.ActiveCfg = Debug|Any CPU
		{3A3BBB63-72D5-4314-8E54-51CB8C7DB4F0}.Debug|Any CPU.Build.0 = Debug|Any CPU
		{3A3BBB63-72D5-4314-8E54-51CB8C7DB4F0}.Release|Any CPU.ActiveCfg = Release|Any CPU
		{3A3BBB63-72D5-4314-8E54-51CB8C7DB4F0}.Release|Any CPU.Build.0 = Release|Any CPU
		{13F71B00-0FD5-497F-AC3C-CBBD727FF019}.Debug|Any CPU.ActiveCfg = Debug|Any CPU
		{13F71B00-0FD5-497F-AC3C-CBBD727FF019}.Debug|Any CPU.Build.0 = Debug|Any CPU
		{13F71B00-0FD5-497F-AC3C-CBBD727FF019}.Release|Any CPU.ActiveCfg = Release|Any CPU
		{13F71B00-0FD5-497F-AC3C-CBBD727FF019}.Release|Any CPU.Build.0 = Release|Any CPU
	EndGlobalSection
	GlobalSection(SolutionProperties) = preSolution
		HideSolutionNode = FALSE
	EndGlobalSection
	GlobalSection(ExtensibilityGlobals) = postSolution
		SolutionGuid = {F136E6CD-24E5-4A42-90EE-F145504C6578}
	EndGlobalSection
EndGlobal
